// !$*UTF8*$!
{
	archiveVersion = 1;
	classes = {
	};
	objectVersion = 55;
	objects = {

/* Begin PBXBuildFile section */
		8C773D2727E8B4480022B8BD /* AppDelegate.swift in Sources */ = {isa = PBXBuildFile; fileRef = 8C773D2627E8B4480022B8BD /* AppDelegate.swift */; };
		8C773D2927E8B4480022B8BD /* SceneDelegate.swift in Sources */ = {isa = PBXBuildFile; fileRef = 8C773D2827E8B4480022B8BD /* SceneDelegate.swift */; };
		8C773D2B27E8B4480022B8BD /* ViewController.swift in Sources */ = {isa = PBXBuildFile; fileRef = 8C773D2A27E8B4480022B8BD /* ViewController.swift */; };
		8C773D2E27E8B4480022B8BD /* Main.storyboard in Resources */ = {isa = PBXBuildFile; fileRef = 8C773D2C27E8B4480022B8BD /* Main.storyboard */; };
		8C773D3027E8B4490022B8BD /* Assets.xcassets in Resources */ = {isa = PBXBuildFile; fileRef = 8C773D2F27E8B4490022B8BD /* Assets.xcassets */; };
		8C773D3327E8B4490022B8BD /* LaunchScreen.storyboard in Resources */ = {isa = PBXBuildFile; fileRef = 8C773D3127E8B4490022B8BD /* LaunchScreen.storyboard */; };
		8C773D3B27E8BF8F0022B8BD /* EffectsViewController.swift in Sources */ = {isa = PBXBuildFile; fileRef = 8C773D3A27E8BF8F0022B8BD /* EffectsViewController.swift */; };
		8C773D3D27E8BFBC0022B8BD /* FinalViewController.swift in Sources */ = {isa = PBXBuildFile; fileRef = 8C773D3C27E8BFBC0022B8BD /* FinalViewController.swift */; };
		8CABE36627E9176A00EE95B2 /* FilterManage.swift in Sources */ = {isa = PBXBuildFile; fileRef = 8CABE36527E9176900EE95B2 /* FilterManage.swift */; };
		8CB9083B27EA2050000C9BDF /* EffectCollectionViewCell.swift in Sources */ = {isa = PBXBuildFile; fileRef = 8CB9083A27EA2050000C9BDF /* EffectCollectionViewCell.swift */; };
/* End PBXBuildFile section */

/* Begin PBXFileReference section */
		8C773D2327E8B4480022B8BD /* fotoroid.app */ = {isa = PBXFileReference; explicitFileType = wrapper.application; includeInIndex = 0; path = fotoroid.app; sourceTree = BUILT_PRODUCTS_DIR; };
		8C773D2627E8B4480022B8BD /* AppDelegate.swift */ = {isa = PBXFileReference; lastKnownFileType = sourcecode.swift; path = AppDelegate.swift; sourceTree = "<group>"; };
		8C773D2827E8B4480022B8BD /* SceneDelegate.swift */ = {isa = PBXFileReference; lastKnownFileType = sourcecode.swift; path = SceneDelegate.swift; sourceTree = "<group>"; };
		8C773D2A27E8B4480022B8BD /* ViewController.swift */ = {isa = PBXFileReference; lastKnownFileType = sourcecode.swift; path = ViewController.swift; sourceTree = "<group>"; };
		8C773D2D27E8B4480022B8BD /* Base */ = {isa = PBXFileReference; lastKnownFileType = file.storyboard; name = Base; path = Base.lproj/Main.storyboard; sourceTree = "<group>"; };
		8C773D2F27E8B4490022B8BD /* Assets.xcassets */ = {isa = PBXFileReference; lastKnownFileType = folder.assetcatalog; path = Assets.xcassets; sourceTree = "<group>"; };
		8C773D3227E8B4490022B8BD /* Base */ = {isa = PBXFileReference; lastKnownFileType = file.storyboard; name = Base; path = Base.lproj/LaunchScreen.storyboard; sourceTree = "<group>"; };
		8C773D3427E8B4490022B8BD /* Info.plist */ = {isa = PBXFileReference; lastKnownFileType = text.plist.xml; path = Info.plist; sourceTree = "<group>"; };
		8C773D3A27E8BF8F0022B8BD /* EffectsViewController.swift */ = {isa = PBXFileReference; lastKnownFileType = sourcecode.swift; path = EffectsViewController.swift; sourceTree = "<group>"; };
		8C773D3C27E8BFBC0022B8BD /* FinalViewController.swift */ = {isa = PBXFileReference; lastKnownFileType = sourcecode.swift; path = FinalViewController.swift; sourceTree = "<group>"; };
		8CABE36527E9176900EE95B2 /* FilterManage.swift */ = {isa = PBXFileReference; lastKnownFileType = sourcecode.swift; path = FilterManage.swift; sourceTree = "<group>"; };
		8CB9083A27EA2050000C9BDF /* EffectCollectionViewCell.swift */ = {isa = PBXFileReference; lastKnownFileType = sourcecode.swift; path = EffectCollectionViewCell.swift; sourceTree = "<group>"; };
/* End PBXFileReference section */

/* Begin PBXFrameworksBuildPhase section */
		8C773D2027E8B4480022B8BD /* Frameworks */ = {
			isa = PBXFrameworksBuildPhase;
			buildActionMask = 2147483647;
			files = (
			);
			runOnlyForDeploymentPostprocessing = 0;
		};
/* End PBXFrameworksBuildPhase section */

/* Begin PBXGroup section */
		8C773D1A27E8B4480022B8BD = {
			isa = PBXGroup;
			children = (
				8C773D2527E8B4480022B8BD /* fotoroid */,
				8C773D2427E8B4480022B8BD /* Products */,
			);
			sourceTree = "<group>";
		};
		8C773D2427E8B4480022B8BD /* Products */ = {
			isa = PBXGroup;
			children = (
				8C773D2327E8B4480022B8BD /* fotoroid.app */,
			);
			name = Products;
			sourceTree = "<group>";
		};
		8C773D2527E8B4480022B8BD /* fotoroid */ = {
			isa = PBXGroup;
			children = (
				8C773D2627E8B4480022B8BD /* AppDelegate.swift */,
				8C773D2827E8B4480022B8BD /* SceneDelegate.swift */,
				8C773D2A27E8B4480022B8BD /* ViewController.swift */,
				8C773D2C27E8B4480022B8BD /* Main.storyboard */,
				8CABE36527E9176900EE95B2 /* FilterManage.swift */,
				8C773D3C27E8BFBC0022B8BD /* FinalViewController.swift */,
				8C773D3A27E8BF8F0022B8BD /* EffectsViewController.swift */,
				8CB9083A27EA2050000C9BDF /* EffectCollectionViewCell.swift */,
				8C773D2F27E8B4490022B8BD /* Assets.xcassets */,
				8C773D3127E8B4490022B8BD /* LaunchScreen.storyboard */,
				8C773D3427E8B4490022B8BD /* Info.plist */,
			);
			path = fotoroid;
			sourceTree = "<group>";
		};
/* End PBXGroup section */

/* Begin PBXNativeTarget section */
		8C773D2227E8B4480022B8BD /* fotoroid */ = {
			isa = PBXNativeTarget;
			buildConfigurationList = 8C773D3727E8B4490022B8BD /* Build configuration list for PBXNativeTarget "fotoroid" */;
			buildPhases = (
				8C773D1F27E8B4480022B8BD /* Sources */,
				8C773D2027E8B4480022B8BD /* Frameworks */,
				8C773D2127E8B4480022B8BD /* Resources */,
			);
			buildRules = (
			);
			dependencies = (
			);
			name = fotoroid;
			productName = fotoroid;
			productReference = 8C773D2327E8B4480022B8BD /* fotoroid.app */;
			productType = "com.apple.product-type.application";
		};
/* End PBXNativeTarget section */

/* Begin PBXProject section */
		8C773D1B27E8B4480022B8BD /* Project object */ = {
			isa = PBXProject;
			attributes = {
				BuildIndependentTargetsInParallel = 1;
				LastSwiftUpdateCheck = 1320;
				LastUpgradeCheck = 1320;
				TargetAttributes = {
					8C773D2227E8B4480022B8BD = {
						CreatedOnToolsVersion = 13.2.1;
					};
				};
			};
			buildConfigurationList = 8C773D1E27E8B4480022B8BD /* Build configuration list for PBXProject "fotoroid" */;
			compatibilityVersion = "Xcode 13.0";
			developmentRegion = en;
			hasScannedForEncodings = 0;
			knownRegions = (
				en,
				Base,
			);
			mainGroup = 8C773D1A27E8B4480022B8BD;
			productRefGroup = 8C773D2427E8B4480022B8BD /* Products */;
			projectDirPath = "";
			projectRoot = "";
			targets = (
				8C773D2227E8B4480022B8BD /* fotoroid */,
			);
		};
/* End PBXProject section */

/* Begin PBXResourcesBuildPhase section */
		8C773D2127E8B4480022B8BD /* Resources */ = {
			isa = PBXResourcesBuildPhase;
			buildActionMask = 2147483647;
			files = (
				8C773D3327E8B4490022B8BD /* LaunchScreen.storyboard in Resources */,
				8C773D3027E8B4490022B8BD /* Assets.xcassets in Resources */,
				8C773D2E27E8B4480022B8BD /* Main.storyboard in Resources */,
			);
			runOnlyForDeploymentPostprocessing = 0;
		};
/* End PBXResourcesBuildPhase section */

/* Begin PBXSourcesBuildPhase section */
		8C773D1F27E8B4480022B8BD /* Sources */ = {
			isa = PBXSourcesBuildPhase;
			buildActionMask = 2147483647;
			files = (
				8C773D3D27E8BFBC0022B8BD /* FinalViewController.swift in Sources */,
				8C773D2B27E8B4480022B8BD /* ViewController.swift in Sources */,
				8CABE36627E9176A00EE95B2 /* FilterManage.swift in Sources */,
				8C773D3B27E8BF8F0022B8BD /* EffectsViewController.swift in Sources */,
				8C773D2727E8B4480022B8BD /* AppDelegate.swift in Sources */,
				8C773D2927E8B4480022B8BD /* SceneDelegate.swift in Sources */,
				8CB9083B27EA2050000C9BDF /* EffectCollectionViewCell.swift in Sources */,
			);
			runOnlyForDeploymentPostprocessing = 0;
		};
/* End PBXSourcesBuildPhase section */

/* Begin PBXVariantGroup section */
		8C773D2C27E8B4480022B8BD /* Main.storyboard */ = {
			isa = PBXVariantGroup;
			children = (
				8C773D2D27E8B4480022B8BD /* Base */,
			);
			name = Main.storyboard;
			sourceTree = "<group>";
		};
		8C773D3127E8B4490022B8BD /* LaunchScreen.storyboard */ = {
			isa = PBXVariantGroup;
			children = (
				8C773D3227E8B4490022B8BD /* Base */,
			);
			name = LaunchScreen.storyboard;
			sourceTree = "<group>";
		};
/* End PBXVariantGroup section */

/* Begin XCBuildConfiguration section */
		8C773D3527E8B4490022B8BD /* Debug */ = {
			isa = XCBuildConfiguration;
			buildSettings = {
				ALWAYS_SEARCH_USER_PATHS = NO;
				CLANG_ANALYZER_NONNULL = YES;
				CLANG_ANALYZER_NUMBER_OBJECT_CONVERSION = YES_AGGRESSIVE;
				CLANG_CXX_LANGUAGE_STANDARD = "gnu++17";
				CLANG_CXX_LIBRARY = "libc++";
				CLANG_ENABLE_MODULES = YES;
				CLANG_ENABLE_OBJC_ARC = YES;
				CLANG_ENABLE_OBJC_WEAK = YES;
				CLANG_WARN_BLOCK_CAPTURE_AUTORELEASING = YES;
				CLANG_WARN_BOOL_CONVERSION = YES;
				CLANG_WARN_COMMA = YES;
				CLANG_WARN_CONSTANT_CONVERSION = YES;
				CLANG_WARN_DEPRECATED_OBJC_IMPLEMENTATIONS = YES;
				CLANG_WARN_DIRECT_OBJC_ISA_USAGE = YES_ERROR;
				CLANG_WARN_DOCUMENTATION_COMMENTS = YES;
				CLANG_WARN_EMPTY_BODY = YES;
				CLANG_WARN_ENUM_CONVERSION = YES;
				CLANG_WARN_INFINITE_RECURSION = YES;
				CLANG_WARN_INT_CONVERSION = YES;
				CLANG_WARN_NON_LITERAL_NULL_CONVERSION = YES;
				CLANG_WARN_OBJC_IMPLICIT_RETAIN_SELF = YES;
				CLANG_WARN_OBJC_LITERAL_CONVERSION = YES;
				CLANG_WARN_OBJC_ROOT_CLASS = YES_ERROR;
				CLANG_WARN_QUOTED_INCLUDE_IN_FRAMEWORK_HEADER = YES;
				CLANG_WARN_RANGE_LOOP_ANALYSIS = YES;
				CLANG_WARN_STRICT_PROTOTYPES = YES;
				CLANG_WARN_SUSPICIOUS_MOVE = YES;
				CLANG_WARN_UNGUARDED_AVAILABILITY = YES_AGGRESSIVE;
				CLANG_WARN_UNREACHABLE_CODE = YES;
				CLANG_WARN__DUPLICATE_METHOD_MATCH = YES;
				COPY_PHASE_STRIP = NO;
				DEBUG_INFORMATION_FORMAT = dwarf;
				ENABLE_STRICT_OBJC_MSGSEND = YES;
				ENABLE_TESTABILITY = YES;
				GCC_C_LANGUAGE_STANDARD = gnu11;
				GCC_DYNAMIC_NO_PIC = NO;
				GCC_NO_COMMON_BLOCKS = YES;
				GCC_OPTIMIZATION_LEVEL = 0;
				GCC_PREPROCESSOR_DEFINITIONS = (
					"DEBUG=1",
					"$(inherited)",
				);
				GCC_WARN_64_TO_32_BIT_CONVERSION = YES;
				GCC_WARN_ABOUT_RETURN_TYPE = YES_ERROR;
				GCC_WARN_UNDECLARED_SELECTOR = YES;
				GCC_WARN_UNINITIALIZED_AUTOS = YES_AGGRESSIVE;
				GCC_WARN_UNUSED_FUNCTION = YES;
				GCC_WARN_UNUSED_VARIABLE = YES;
				IPHONEOS_DEPLOYMENT_TARGET = 15.2;
				MTL_ENABLE_DEBUG_INFO = INCLUDE_SOURCE;
				MTL_FAST_MATH = YES;
				ONLY_ACTIVE_ARCH = YES;
				SDKROOT = iphoneos;
				SWIFT_ACTIVE_COMPILATION_CONDITIONS = DEBUG;
				SWIFT_OPTIMIZATION_LEVEL = "-Onone";
			};
			name = Debug;
		};
		8C773D3627E8B4490022B8BD /* Release */ = {
			isa = XCBuildConfiguration;
			buildSettings = {
				ALWAYS_SEARCH_USER_PATHS = NO;
				CLANG_ANALYZER_NONNULL = YES;
				CLANG_ANALYZER_NUMBER_OBJECT_CONVERSION = YES_AGGRESSIVE;
				CLANG_CXX_LANGUAGE_STANDARD = "gnu++17";
				CLANG_CXX_LIBRARY = "libc++";
				CLANG_ENABLE_MODULES = YES;
				CLANG_ENABLE_OBJC_ARC = YES;
				CLANG_ENABLE_OBJC_WEAK = YES;
				CLANG_WARN_BLOCK_CAPTURE_AUTORELEASING = YES;
				CLANG_WARN_BOOL_CONVERSION = YES;
				CLANG_WARN_COMMA = YES;
				CLANG_WARN_CONSTANT_CONVERSION = YES;
				CLANG_WARN_DEPRECATED_OBJC_IMPLEMENTATIONS = YES;
				CLANG_WARN_DIRECT_OBJC_ISA_USAGE = YES_ERROR;
				CLANG_WARN_DOCUMENTATION_COMMENTS = YES;
				CLANG_WARN_EMPTY_BODY = YES;
				CLANG_WARN_ENUM_CONVERSION = YES;
				CLANG_WARN_INFINITE_RECURSION = YES;
				CLANG_WARN_INT_CONVERSION = YES;
				CLANG_WARN_NON_LITERAL_NULL_CONVERSION = YES;
				CLANG_WARN_OBJC_IMPLICIT_RETAIN_SELF = YES;
				CLANG_WARN_OBJC_LITERAL_CONVERSION = YES;
				CLANG_WARN_OBJC_ROOT_CLASS = YES_ERROR;
				CLANG_WARN_QUOTED_INCLUDE_IN_FRAMEWORK_HEADER = YES;
				CLANG_WARN_RANGE_LOOP_ANALYSIS = YES;
				CLANG_WARN_STRICT_PROTOTYPES = YES;
				CLANG_WARN_SUSPICIOUS_MOVE = YES;
				CLANG_WARN_UNGUARDED_AVAILABILITY = YES_AGGRESSIVE;
				CLANG_WARN_UNREACHABLE_CODE = YES;
				CLANG_WARN__DUPLICATE_METHOD_MATCH = YES;
				COPY_PHASE_STRIP = NO;
				DEBUG_INFORMATION_FORMAT = "dwarf-with-dsym";
				ENABLE_NS_ASSERTIONS = NO;
				ENABLE_STRICT_OBJC_MSGSEND = YES;
				GCC_C_LANGUAGE_STANDARD = gnu11;
				GCC_NO_COMMON_BLOCKS = YES;
				GCC_WARN_64_TO_32_BIT_CONVERSION = YES;
				GCC_WARN_ABOUT_RETURN_TYPE = YES_ERROR;
				GCC_WARN_UNDECLARED_SELECTOR = YES;
				GCC_WARN_UNINITIALIZED_AUTOS = YES_AGGRESSIVE;
				GCC_WARN_UNUSED_FUNCTION = YES;
				GCC_WARN_UNUSED_VARIABLE = YES;
				IPHONEOS_DEPLOYMENT_TARGET = 15.2;
				MTL_ENABLE_DEBUG_INFO = NO;
				MTL_FAST_MATH = YES;
				SDKROOT = iphoneos;
				SWIFT_COMPILATION_MODE = wholemodule;
				SWIFT_OPTIMIZATION_LEVEL = "-O";
				VALIDATE_PRODUCT = YES;
			};
			name = Release;
		};
		8C773D3827E8B4490022B8BD /* Debug */ = {
			isa = XCBuildConfiguration;
			buildSettings = {
				ASSETCATALOG_COMPILER_APPICON_NAME = AppIcon;
				ASSETCATALOG_COMPILER_GLOBAL_ACCENT_COLOR_NAME = AccentColor;
				CODE_SIGN_STYLE = Automatic;
				CURRENT_PROJECT_VERSION = 1;
				DEVELOPMENT_TEAM = 5AN4GAV8W4;
				GENERATE_INFOPLIST_FILE = YES;
				INFOPLIST_FILE = fotoroid/Info.plist;
				INFOPLIST_KEY_UIApplicationSupportsIndirectInputEvents = YES;
				INFOPLIST_KEY_UILaunchStoryboardName = LaunchScreen;
				INFOPLIST_KEY_UIMainStoryboardFile = Main;
				INFOPLIST_KEY_UISupportedInterfaceOrientations = UIInterfaceOrientationPortrait;
				INFOPLIST_KEY_UISupportedInterfaceOrientations_iPad = "UIInterfaceOrientationPortrait UIInterfaceOrientationPortraitUpsideDown UIInterfaceOrientationLandscapeLeft UIInterfaceOrientationLandscapeRight";
				INFOPLIST_KEY_UISupportedInterfaceOrientations_iPhone = "UIInterfaceOrientationPortrait UIInterfaceOrientationLandscapeLeft UIInterfaceOrientationLandscapeRight";
				LD_RUNPATH_SEARCH_PATHS = (
					"$(inherited)",
					"@executable_path/Frameworks",
				);
				MARKETING_VERSION = 1.0;
				PRODUCT_BUNDLE_IDENTIFIER = com.sucris.fotoroid;
				PRODUCT_NAME = "$(TARGET_NAME)";
				SWIFT_EMIT_LOC_STRINGS = YES;
				SWIFT_VERSION = 5.0;
				TARGETED_DEVICE_FAMILY = 1;
			};
			name = Debug;
		};
		8C773D3927E8B4490022B8BD /* Release */ = {
			isa = XCBuildConfiguration;
			buildSettings = {
				ASSETCATALOG_COMPILER_APPICON_NAME = AppIcon;
				ASSETCATALOG_COMPILER_GLOBAL_ACCENT_COLOR_NAME = AccentColor;
				CODE_SIGN_STYLE = Automatic;
				CURRENT_PROJECT_VERSION = 1;
				DEVELOPMENT_TEAM = 5AN4GAV8W4;
				GENERATE_INFOPLIST_FILE = YES;
				INFOPLIST_FILE = fotoroid/Info.plist;
				INFOPLIST_KEY_UIApplicationSupportsIndirectInputEvents = YES;
				INFOPLIST_KEY_UILaunchStoryboardName = LaunchScreen;
				INFOPLIST_KEY_UIMainStoryboardFile = Main;
				INFOPLIST_KEY_UISupportedInterfaceOrientations = UIInterfaceOrientationPortrait;
				INFOPLIST_KEY_UISupportedInterfaceOrientations_iPad = "UIInterfaceOrientationPortrait UIInterfaceOrientationPortraitUpsideDown UIInterfaceOrientationLandscapeLeft UIInterfaceOrientationLandscapeRight";
				INFOPLIST_KEY_UISupportedInterfaceOrientations_iPhone = "UIInterfaceOrientationPortrait UIInterfaceOrientationLandscapeLeft UIInterfaceOrientationLandscapeRight";
				LD_RUNPATH_SEARCH_PATHS = (
					"$(inherited)",
					"@executable_path/Frameworks",
				);
				MARKETING_VERSION = 1.0;
				PRODUCT_BUNDLE_IDENTIFIER = com.sucris.fotoroid;
				PRODUCT_NAME = "$(TARGET_NAME)";
				SWIFT_EMIT_LOC_STRINGS = YES;
				SWIFT_VERSION = 5.0;
				TARGETED_DEVICE_FAMILY = 1;
			};
			name = Release;
		};
/* End XCBuildConfiguration section */

/* Begin XCConfigurationList section */
		8C773D1E27E8B4480022B8BD /* Build configuration list for PBXProject "fotoroid" */ = {
			isa = XCConfigurationList;
			buildConfigurations = (
				8C773D3527E8B4490022B8BD /* Debug */,
				8C773D3627E8B4490022B8BD /* Release */,
			);
			defaultConfigurationIsVisible = 0;
			defaultConfigurationName = Release;
		};
		8C773D3727E8B4490022B8BD /* Build configuration list for PBXNativeTarget "fotoroid" */ = {
			isa = XCConfigurationList;
			buildConfigurations = (
				8C773D3827E8B4490022B8BD /* Debug */,
				8C773D3927E8B4490022B8BD /* Release */,
			);
			defaultConfigurationIsVisible = 0;
			defaultConfigurationName = Release;
		};
/* End XCConfigurationList section */
	};
	rootObject = 8C773D1B27E8B4480022B8BD /* Project object */;
}
