// !$*UTF8*$!
{
	archiveVersion = 1;
	classes = {
	};
	objectVersion = 55;
	objects = {

/* Begin PBXBuildFile section */
		8C30894B27E26DFA00A301E7 /* TrailerViewController.swift in Sources */ = {isa = PBXBuildFile; fileRef = 8C30894A27E26DFA00A301E7 /* TrailerViewController.swift */; };
		8C30894D27E2765000A301E7 /* Trailer.swift in Sources */ = {isa = PBXBuildFile; fileRef = 8C30894C27E2765000A301E7 /* Trailer.swift */; };
		8CB2645D27E25F2600CC91BA /* AppDelegate.swift in Sources */ = {isa = PBXBuildFile; fileRef = 8CB2645C27E25F2600CC91BA /* AppDelegate.swift */; };
		8CB2645F27E25F2600CC91BA /* SceneDelegate.swift in Sources */ = {isa = PBXBuildFile; fileRef = 8CB2645E27E25F2600CC91BA /* SceneDelegate.swift */; };
		8CB2646127E25F2600CC91BA /* ViewController.swift in Sources */ = {isa = PBXBuildFile; fileRef = 8CB2646027E25F2600CC91BA /* ViewController.swift */; };
		8CB2646427E25F2600CC91BA /* Main.storyboard in Resources */ = {isa = PBXBuildFile; fileRef = 8CB2646227E25F2600CC91BA /* Main.storyboard */; };
		8CB2646627E25F2800CC91BA /* Assets.xcassets in Resources */ = {isa = PBXBuildFile; fileRef = 8CB2646527E25F2800CC91BA /* Assets.xcassets */; };
		8CB2646927E25F2800CC91BA /* LaunchScreen.storyboard in Resources */ = {isa = PBXBuildFile; fileRef = 8CB2646727E25F2800CC91BA /* LaunchScreen.storyboard */; };
		8CB2647127E25FB400CC91BA /* trailers.json in Resources */ = {isa = PBXBuildFile; fileRef = 8CB2647027E25FB400CC91BA /* trailers.json */; };
/* End PBXBuildFile section */

/* Begin PBXFileReference section */
		8C30894A27E26DFA00A301E7 /* TrailerViewController.swift */ = {isa = PBXFileReference; lastKnownFileType = sourcecode.swift; path = TrailerViewController.swift; sourceTree = "<group>"; };
		8C30894C27E2765000A301E7 /* Trailer.swift */ = {isa = PBXFileReference; lastKnownFileType = sourcecode.swift; path = Trailer.swift; sourceTree = "<group>"; };
		8CB2645927E25F2600CC91BA /* TrailerFlix.app */ = {isa = PBXFileReference; explicitFileType = wrapper.application; includeInIndex = 0; path = TrailerFlix.app; sourceTree = BUILT_PRODUCTS_DIR; };
		8CB2645C27E25F2600CC91BA /* AppDelegate.swift */ = {isa = PBXFileReference; lastKnownFileType = sourcecode.swift; path = AppDelegate.swift; sourceTree = "<group>"; };
		8CB2645E27E25F2600CC91BA /* SceneDelegate.swift */ = {isa = PBXFileReference; lastKnownFileType = sourcecode.swift; path = SceneDelegate.swift; sourceTree = "<group>"; };
		8CB2646027E25F2600CC91BA /* ViewController.swift */ = {isa = PBXFileReference; lastKnownFileType = sourcecode.swift; path = ViewController.swift; sourceTree = "<group>"; };
		8CB2646327E25F2600CC91BA /* Base */ = {isa = PBXFileReference; lastKnownFileType = file.storyboard; name = Base; path = Base.lproj/Main.storyboard; sourceTree = "<group>"; };
		8CB2646527E25F2800CC91BA /* Assets.xcassets */ = {isa = PBXFileReference; lastKnownFileType = folder.assetcatalog; path = Assets.xcassets; sourceTree = "<group>"; };
		8CB2646827E25F2800CC91BA /* Base */ = {isa = PBXFileReference; lastKnownFileType = file.storyboard; name = Base; path = Base.lproj/LaunchScreen.storyboard; sourceTree = "<group>"; };
		8CB2646A27E25F2800CC91BA /* Info.plist */ = {isa = PBXFileReference; lastKnownFileType = text.plist.xml; path = Info.plist; sourceTree = "<group>"; };
		8CB2647027E25FB400CC91BA /* trailers.json */ = {isa = PBXFileReference; fileEncoding = 4; lastKnownFileType = text.json; name = trailers.json; path = "Arquivos TrailerFlix/trailers.json"; sourceTree = SOURCE_ROOT; };
/* End PBXFileReference section */

/* Begin PBXFrameworksBuildPhase section */
		8CB2645627E25F2600CC91BA /* Frameworks */ = {
			isa = PBXFrameworksBuildPhase;
			buildActionMask = 2147483647;
			files = (
			);
			runOnlyForDeploymentPostprocessing = 0;
		};
/* End PBXFrameworksBuildPhase section */

/* Begin PBXGroup section */
		8CB2645027E25F2600CC91BA = {
			isa = PBXGroup;
			children = (
				8CB2645B27E25F2600CC91BA /* TrailerFlix */,
				8CB2645A27E25F2600CC91BA /* Products */,
			);
			sourceTree = "<group>";
		};
		8CB2645A27E25F2600CC91BA /* Products */ = {
			isa = PBXGroup;
			children = (
				8CB2645927E25F2600CC91BA /* TrailerFlix.app */,
			);
			name = Products;
			sourceTree = "<group>";
		};
		8CB2645B27E25F2600CC91BA /* TrailerFlix */ = {
			isa = PBXGroup;
			children = (
				8CB2645C27E25F2600CC91BA /* AppDelegate.swift */,
				8CB2645E27E25F2600CC91BA /* SceneDelegate.swift */,
				8CB2646027E25F2600CC91BA /* ViewController.swift */,
				8CB2646227E25F2600CC91BA /* Main.storyboard */,
				8C30894A27E26DFA00A301E7 /* TrailerViewController.swift */,
				8C30894C27E2765000A301E7 /* Trailer.swift */,
				8CB2646727E25F2800CC91BA /* LaunchScreen.storyboard */,
				8CB2646527E25F2800CC91BA /* Assets.xcassets */,
				8CB2647027E25FB400CC91BA /* trailers.json */,
				8CB2646A27E25F2800CC91BA /* Info.plist */,
			);
			path = TrailerFlix;
			sourceTree = "<group>";
		};
/* End PBXGroup section */

/* Begin PBXNativeTarget section */
		8CB2645827E25F2600CC91BA /* TrailerFlix */ = {
			isa = PBXNativeTarget;
			buildConfigurationList = 8CB2646D27E25F2800CC91BA /* Build configuration list for PBXNativeTarget "TrailerFlix" */;
			buildPhases = (
				8CB2645527E25F2600CC91BA /* Sources */,
				8CB2645627E25F2600CC91BA /* Frameworks */,
				8CB2645727E25F2600CC91BA /* Resources */,
			);
			buildRules = (
			);
			dependencies = (
			);
			name = TrailerFlix;
			productName = TrailerFlix;
			productReference = 8CB2645927E25F2600CC91BA /* TrailerFlix.app */;
			productType = "com.apple.product-type.application";
		};
/* End PBXNativeTarget section */

/* Begin PBXProject section */
		8CB2645127E25F2600CC91BA /* Project object */ = {
			isa = PBXProject;
			attributes = {
				BuildIndependentTargetsInParallel = 1;
				LastSwiftUpdateCheck = 1320;
				LastUpgradeCheck = 1320;
				TargetAttributes = {
					8CB2645827E25F2600CC91BA = {
						CreatedOnToolsVersion = 13.2.1;
					};
				};
			};
			buildConfigurationList = 8CB2645427E25F2600CC91BA /* Build configuration list for PBXProject "TrailerFlix" */;
			compatibilityVersion = "Xcode 13.0";
			developmentRegion = en;
			hasScannedForEncodings = 0;
			knownRegions = (
				en,
				Base,
			);
			mainGroup = 8CB2645027E25F2600CC91BA;
			productRefGroup = 8CB2645A27E25F2600CC91BA /* Products */;
			projectDirPath = "";
			projectRoot = "";
			targets = (
				8CB2645827E25F2600CC91BA /* TrailerFlix */,
			);
		};
/* End PBXProject section */

/* Begin PBXResourcesBuildPhase section */
		8CB2645727E25F2600CC91BA /* Resources */ = {
			isa = PBXResourcesBuildPhase;
			buildActionMask = 2147483647;
			files = (
				8CB2646927E25F2800CC91BA /* LaunchScreen.storyboard in Resources */,
				8CB2646627E25F2800CC91BA /* Assets.xcassets in Resources */,
				8CB2646427E25F2600CC91BA /* Main.storyboard in Resources */,
				8CB2647127E25FB400CC91BA /* trailers.json in Resources */,
			);
			runOnlyForDeploymentPostprocessing = 0;
		};
/* End PBXResourcesBuildPhase section */

/* Begin PBXSourcesBuildPhase section */
		8CB2645527E25F2600CC91BA /* Sources */ = {
			isa = PBXSourcesBuildPhase;
			buildActionMask = 2147483647;
			files = (
				8C30894B27E26DFA00A301E7 /* TrailerViewController.swift in Sources */,
				8CB2646127E25F2600CC91BA /* ViewController.swift in Sources */,
				8CB2645D27E25F2600CC91BA /* AppDelegate.swift in Sources */,
				8CB2645F27E25F2600CC91BA /* SceneDelegate.swift in Sources */,
				8C30894D27E2765000A301E7 /* Trailer.swift in Sources */,
			);
			runOnlyForDeploymentPostprocessing = 0;
		};
/* End PBXSourcesBuildPhase section */

/* Begin PBXVariantGroup section */
		8CB2646227E25F2600CC91BA /* Main.storyboard */ = {
			isa = PBXVariantGroup;
			children = (
				8CB2646327E25F2600CC91BA /* Base */,
			);
			name = Main.storyboard;
			sourceTree = "<group>";
		};
		8CB2646727E25F2800CC91BA /* LaunchScreen.storyboard */ = {
			isa = PBXVariantGroup;
			children = (
				8CB2646827E25F2800CC91BA /* Base */,
			);
			name = LaunchScreen.storyboard;
			sourceTree = "<group>";
		};
/* End PBXVariantGroup section */

/* Begin XCBuildConfiguration section */
		8CB2646B27E25F2800CC91BA /* Debug */ = {
			isa = XCBuildConfiguration;
			buildSettings = {
				ALWAYS_SEARCH_USER_PATHS = NO;
				CLANG_ANALYZER_NONNULL = YES;
				CLANG_ANALYZER_NUMBER_OBJECT_CONVERSION = YES_AGGRESSIVE;
				CLANG_CXX_LANGUAGE_STANDARD = "gnu++17";
				CLANG_CXX_LIBRARY = "libc++";
				CLANG_ENABLE_MODULES = YES;
				CLANG_ENABLE_OBJC_ARC = YES;
				CLANG_ENABLE_OBJC_WEAK = YES;
				CLANG_WARN_BLOCK_CAPTURE_AUTORELEASING = YES;
				CLANG_WARN_BOOL_CONVERSION = YES;
				CLANG_WARN_COMMA = YES;
				CLANG_WARN_CONSTANT_CONVERSION = YES;
				CLANG_WARN_DEPRECATED_OBJC_IMPLEMENTATIONS = YES;
				CLANG_WARN_DIRECT_OBJC_ISA_USAGE = YES_ERROR;
				CLANG_WARN_DOCUMENTATION_COMMENTS = YES;
				CLANG_WARN_EMPTY_BODY = YES;
				CLANG_WARN_ENUM_CONVERSION = YES;
				CLANG_WARN_INFINITE_RECURSION = YES;
				CLANG_WARN_INT_CONVERSION = YES;
				CLANG_WARN_NON_LITERAL_NULL_CONVERSION = YES;
				CLANG_WARN_OBJC_IMPLICIT_RETAIN_SELF = YES;
				CLANG_WARN_OBJC_LITERAL_CONVERSION = YES;
				CLANG_WARN_OBJC_ROOT_CLASS = YES_ERROR;
				CLANG_WARN_QUOTED_INCLUDE_IN_FRAMEWORK_HEADER = YES;
				CLANG_WARN_RANGE_LOOP_ANALYSIS = YES;
				CLANG_WARN_STRICT_PROTOTYPES = YES;
				CLANG_WARN_SUSPICIOUS_MOVE = YES;
				CLANG_WARN_UNGUARDED_AVAILABILITY = YES_AGGRESSIVE;
				CLANG_WARN_UNREACHABLE_CODE = YES;
				CLANG_WARN__DUPLICATE_METHOD_MATCH = YES;
				COPY_PHASE_STRIP = NO;
				DEBUG_INFORMATION_FORMAT = dwarf;
				ENABLE_STRICT_OBJC_MSGSEND = YES;
				ENABLE_TESTABILITY = YES;
				GCC_C_LANGUAGE_STANDARD = gnu11;
				GCC_DYNAMIC_NO_PIC = NO;
				GCC_NO_COMMON_BLOCKS = YES;
				GCC_OPTIMIZATION_LEVEL = 0;
				GCC_PREPROCESSOR_DEFINITIONS = (
					"DEBUG=1",
					"$(inherited)",
				);
				GCC_WARN_64_TO_32_BIT_CONVERSION = YES;
				GCC_WARN_ABOUT_RETURN_TYPE = YES_ERROR;
				GCC_WARN_UNDECLARED_SELECTOR = YES;
				GCC_WARN_UNINITIALIZED_AUTOS = YES_AGGRESSIVE;
				GCC_WARN_UNUSED_FUNCTION = YES;
				GCC_WARN_UNUSED_VARIABLE = YES;
				IPHONEOS_DEPLOYMENT_TARGET = 15.2;
				MTL_ENABLE_DEBUG_INFO = INCLUDE_SOURCE;
				MTL_FAST_MATH = YES;
				ONLY_ACTIVE_ARCH = YES;
				SDKROOT = iphoneos;
				SWIFT_ACTIVE_COMPILATION_CONDITIONS = DEBUG;
				SWIFT_OPTIMIZATION_LEVEL = "-Onone";
			};
			name = Debug;
		};
		8CB2646C27E25F2800CC91BA /* Release */ = {
			isa = XCBuildConfiguration;
			buildSettings = {
				ALWAYS_SEARCH_USER_PATHS = NO;
				CLANG_ANALYZER_NONNULL = YES;
				CLANG_ANALYZER_NUMBER_OBJECT_CONVERSION = YES_AGGRESSIVE;
				CLANG_CXX_LANGUAGE_STANDARD = "gnu++17";
				CLANG_CXX_LIBRARY = "libc++";
				CLANG_ENABLE_MODULES = YES;
				CLANG_ENABLE_OBJC_ARC = YES;
				CLANG_ENABLE_OBJC_WEAK = YES;
				CLANG_WARN_BLOCK_CAPTURE_AUTORELEASING = YES;
				CLANG_WARN_BOOL_CONVERSION = YES;
				CLANG_WARN_COMMA = YES;
				CLANG_WARN_CONSTANT_CONVERSION = YES;
				CLANG_WARN_DEPRECATED_OBJC_IMPLEMENTATIONS = YES;
				CLANG_WARN_DIRECT_OBJC_ISA_USAGE = YES_ERROR;
				CLANG_WARN_DOCUMENTATION_COMMENTS = YES;
				CLANG_WARN_EMPTY_BODY = YES;
				CLANG_WARN_ENUM_CONVERSION = YES;
				CLANG_WARN_INFINITE_RECURSION = YES;
				CLANG_WARN_INT_CONVERSION = YES;
				CLANG_WARN_NON_LITERAL_NULL_CONVERSION = YES;
				CLANG_WARN_OBJC_IMPLICIT_RETAIN_SELF = YES;
				CLANG_WARN_OBJC_LITERAL_CONVERSION = YES;
				CLANG_WARN_OBJC_ROOT_CLASS = YES_ERROR;
				CLANG_WARN_QUOTED_INCLUDE_IN_FRAMEWORK_HEADER = YES;
				CLANG_WARN_RANGE_LOOP_ANALYSIS = YES;
				CLANG_WARN_STRICT_PROTOTYPES = YES;
				CLANG_WARN_SUSPICIOUS_MOVE = YES;
				CLANG_WARN_UNGUARDED_AVAILABILITY = YES_AGGRESSIVE;
				CLANG_WARN_UNREACHABLE_CODE = YES;
				CLANG_WARN__DUPLICATE_METHOD_MATCH = YES;
				COPY_PHASE_STRIP = NO;
				DEBUG_INFORMATION_FORMAT = "dwarf-with-dsym";
				ENABLE_NS_ASSERTIONS = NO;
				ENABLE_STRICT_OBJC_MSGSEND = YES;
				GCC_C_LANGUAGE_STANDARD = gnu11;
				GCC_NO_COMMON_BLOCKS = YES;
				GCC_WARN_64_TO_32_BIT_CONVERSION = YES;
				GCC_WARN_ABOUT_RETURN_TYPE = YES_ERROR;
				GCC_WARN_UNDECLARED_SELECTOR = YES;
				GCC_WARN_UNINITIALIZED_AUTOS = YES_AGGRESSIVE;
				GCC_WARN_UNUSED_FUNCTION = YES;
				GCC_WARN_UNUSED_VARIABLE = YES;
				IPHONEOS_DEPLOYMENT_TARGET = 15.2;
				MTL_ENABLE_DEBUG_INFO = NO;
				MTL_FAST_MATH = YES;
				SDKROOT = iphoneos;
				SWIFT_COMPILATION_MODE = wholemodule;
				SWIFT_OPTIMIZATION_LEVEL = "-O";
				VALIDATE_PRODUCT = YES;
			};
			name = Release;
		};
		8CB2646E27E25F2800CC91BA /* Debug */ = {
			isa = XCBuildConfiguration;
			buildSettings = {
				ASSETCATALOG_COMPILER_APPICON_NAME = AppIcon;
				ASSETCATALOG_COMPILER_GLOBAL_ACCENT_COLOR_NAME = AccentColor;
				CODE_SIGN_STYLE = Automatic;
				CURRENT_PROJECT_VERSION = 1;
				DEVELOPMENT_TEAM = 5AN4GAV8W4;
				GENERATE_INFOPLIST_FILE = YES;
				INFOPLIST_FILE = TrailerFlix/Info.plist;
				INFOPLIST_KEY_UIApplicationSupportsIndirectInputEvents = YES;
				INFOPLIST_KEY_UILaunchStoryboardName = LaunchScreen;
				INFOPLIST_KEY_UIMainStoryboardFile = Main;
				INFOPLIST_KEY_UISupportedInterfaceOrientations = "UIInterfaceOrientationLandscapeLeft UIInterfaceOrientationLandscapeRight";
				INFOPLIST_KEY_UISupportedInterfaceOrientations_iPad = "UIInterfaceOrientationPortrait UIInterfaceOrientationPortraitUpsideDown UIInterfaceOrientationLandscapeLeft UIInterfaceOrientationLandscapeRight";
				INFOPLIST_KEY_UISupportedInterfaceOrientations_iPhone = "UIInterfaceOrientationPortrait UIInterfaceOrientationLandscapeLeft UIInterfaceOrientationLandscapeRight";
				LD_RUNPATH_SEARCH_PATHS = (
					"$(inherited)",
					"@executable_path/Frameworks",
				);
				MARKETING_VERSION = 1.0;
				PRODUCT_BUNDLE_IDENTIFIER = com.sucris.TrailerFlix;
				PRODUCT_NAME = "$(TARGET_NAME)";
				SWIFT_EMIT_LOC_STRINGS = YES;
				SWIFT_VERSION = 5.0;
				TARGETED_DEVICE_FAMILY = 1;
			};
			name = Debug;
		};
		8CB2646F27E25F2800CC91BA /* Release */ = {
			isa = XCBuildConfiguration;
			buildSettings = {
				ASSETCATALOG_COMPILER_APPICON_NAME = AppIcon;
				ASSETCATALOG_COMPILER_GLOBAL_ACCENT_COLOR_NAME = AccentColor;
				CODE_SIGN_STYLE = Automatic;
				CURRENT_PROJECT_VERSION = 1;
				DEVELOPMENT_TEAM = 5AN4GAV8W4;
				GENERATE_INFOPLIST_FILE = YES;
				INFOPLIST_FILE = TrailerFlix/Info.plist;
				INFOPLIST_KEY_UIApplicationSupportsIndirectInputEvents = YES;
				INFOPLIST_KEY_UILaunchStoryboardName = LaunchScreen;
				INFOPLIST_KEY_UIMainStoryboardFile = Main;
				INFOPLIST_KEY_UISupportedInterfaceOrientations = "UIInterfaceOrientationLandscapeLeft UIInterfaceOrientationLandscapeRight";
				INFOPLIST_KEY_UISupportedInterfaceOrientations_iPad = "UIInterfaceOrientationPortrait UIInterfaceOrientationPortraitUpsideDown UIInterfaceOrientationLandscapeLeft UIInterfaceOrientationLandscapeRight";
				INFOPLIST_KEY_UISupportedInterfaceOrientations_iPhone = "UIInterfaceOrientationPortrait UIInterfaceOrientationLandscapeLeft UIInterfaceOrientationLandscapeRight";
				LD_RUNPATH_SEARCH_PATHS = (
					"$(inherited)",
					"@executable_path/Frameworks",
				);
				MARKETING_VERSION = 1.0;
				PRODUCT_BUNDLE_IDENTIFIER = com.sucris.TrailerFlix;
				PRODUCT_NAME = "$(TARGET_NAME)";
				SWIFT_EMIT_LOC_STRINGS = YES;
				SWIFT_VERSION = 5.0;
				TARGETED_DEVICE_FAMILY = 1;
			};
			name = Release;
		};
/* End XCBuildConfiguration section */

/* Begin XCConfigurationList section */
		8CB2645427E25F2600CC91BA /* Build configuration list for PBXProject "TrailerFlix" */ = {
			isa = XCConfigurationList;
			buildConfigurations = (
				8CB2646B27E25F2800CC91BA /* Debug */,
				8CB2646C27E25F2800CC91BA /* Release */,
			);
			defaultConfigurationIsVisible = 0;
			defaultConfigurationName = Release;
		};
		8CB2646D27E25F2800CC91BA /* Build configuration list for PBXNativeTarget "TrailerFlix" */ = {
			isa = XCConfigurationList;
			buildConfigurations = (
				8CB2646E27E25F2800CC91BA /* Debug */,
				8CB2646F27E25F2800CC91BA /* Release */,
			);
			defaultConfigurationIsVisible = 0;
			defaultConfigurationName = Release;
		};
/* End XCConfigurationList section */
	};
	rootObject = 8CB2645127E25F2600CC91BA /* Project object */;
}
